
Microsoft Visual Studio Solution File, Format Version 12.00
# Visual Studio Version 16
VisualStudioVersion = 16.0.30907.101
MinimumVisualStudioVersion = 10.0.40219.1
Project("{8BC9CEB8-8B4A-11D0-8D11-00A0C91BC942}") = "2.4", "2.4\2.4.vcxproj", "{4C031A39-7F48-4B9C-B264-D3B982154543}"
EndProject
Project("{8BC9CEB8-8B4A-11D0-8D11-00A0C91BC942}") = "UnitTest2", "UnitTest2\UnitTest2.vcxproj", "{7A8F8EBD-4936-45AC-B6AE-98B0BB34C3CF}"
EndProject
Global
	GlobalSection(SolutionConfigurationPlatforms) = preSolution
		Debug|x64 = Debug|x64
		Debug|x86 = Debug|x86
		Release|x64 = Release|x64
		Release|x86 = Release|x86
	EndGlobalSection
	GlobalSection(ProjectConfigurationPlatforms) = postSolution
		{4C031A39-7F48-4B9C-B264-D3B982154543}.Debug|x64.ActiveCfg = Debug|x64
		{4C031A39-7F48-4B9C-B264-D3B982154543}.Debug|x64.Build.0 = Debug|x64
		{4C031A39-7F48-4B9C-B264-D3B982154543}.Debug|x86.ActiveCfg = Debug|Win32
		{4C031A39-7F48-4B9C-B264-D3B982154543}.Debug|x86.Build.0 = Debug|Win32
		{4C031A39-7F48-4B9C-B264-D3B982154543}.Release|x64.ActiveCfg = Release|x64
		{4C031A39-7F48-4B9C-B264-D3B982154543}.Release|x64.Build.0 = Release|x64
		{4C031A39-7F48-4B9C-B264-D3B982154543}.Release|x86.ActiveCfg = Release|Win32
		{4C031A39-7F48-4B9C-B264-D3B982154543}.Release|x86.Build.0 = Release|Win32
		{7A8F8EBD-4936-45AC-B6AE-98B0BB34C3CF}.Debug|x64.ActiveCfg = Debug|x64
		{7A8F8EBD-4936-45AC-B6AE-98B0BB34C3CF}.Debug|x64.Build.0 = Debug|x64
		{7A8F8EBD-4936-45AC-B6AE-98B0BB34C3CF}.Debug|x86.ActiveCfg = Debug|Win32
		{7A8F8EBD-4936-45AC-B6AE-98B0BB34C3CF}.Debug|x86.Build.0 = Debug|Win32
		{7A8F8EBD-4936-45AC-B6AE-98B0BB34C3CF}.Release|x64.ActiveCfg = Release|x64
		{7A8F8EBD-4936-45AC-B6AE-98B0BB34C3CF}.Release|x64.Build.0 = Release|x64
		{7A8F8EBD-4936-45AC-B6AE-98B0BB34C3CF}.Release|x86.ActiveCfg = Release|Win32
		{7A8F8EBD-4936-45AC-B6AE-98B0BB34C3CF}.Release|x86.Build.0 = Release|Win32
	EndGlobalSection
	GlobalSection(SolutionProperties) = preSolution
		HideSolutionNode = FALSE
	EndGlobalSection
	GlobalSection(ExtensibilityGlobals) = postSolution
		SolutionGuid = {425BC50C-9A85-4978-B9C6-FC673520A065}
	EndGlobalSection
EndGlobal
